
Microsoft Visual Studio Solution File, Format Version 12.00
# Visual Studio Version 16
VisualStudioVersion = 16.0.28803.352
MinimumVisualStudioVersion = 10.0.40219.1
Project("{FAE04EC0-301F-11D3-BF4B-00C04F79EFBC}") = "dependencyInjection", "dependencyInjection\dependencyInjection.csproj", "{A2968CDC-02BE-4A07-A1A2-D1640BEAD183}"
EndProject
Global
	GlobalSection(SolutionConfigurationPlatforms) = preSolution
		Debug|Any CPU = Debug|Any CPU
		Release|Any CPU = Release|Any CPU
	EndGlobalSection
	GlobalSection(ProjectConfigurationPlatforms) = postSolution
		{A2968CDC-02BE-4A07-A1A2-D1640BEAD183}.Debug|Any CPU.ActiveCfg = Debug|Any CPU
		{A2968CDC-02BE-4A07-A1A2-D1640BEAD183}.Debug|Any CPU.Build.0 = Debug|Any CPU
		{A2968CDC-02BE-4A07-A1A2-D1640BEAD183}.Release|Any CPU.ActiveCfg = Release|Any CPU
		{A2968CDC-02BE-4A07-A1A2-D1640BEAD183}.Release|Any CPU.Build.0 = Release|Any CPU
	EndGlobalSection
	GlobalSection(SolutionProperties) = preSolution
		HideSolutionNode = FALSE
	EndGlobalSection
	GlobalSection(ExtensibilityGlobals) = postSolution
		SolutionGuid = {84C7BB44-BC7C-4BF4-9C39-9069222BDF26}
	EndGlobalSection
EndGlobal
