
Microsoft Visual Studio Solution File, Format Version 12.00
# Visual Studio Version 16
VisualStudioVersion = 16.0.28803.352
MinimumVisualStudioVersion = 10.0.40219.1
Project("{9A19103F-16F7-4668-BE54-9A1E7A4F7556}") = "simpleFactory", "simpleFactory.csproj", "{78248A00-D77B-4347-89A9-293A12E553C9}"
EndProject
Global
	GlobalSection(SolutionConfigurationPlatforms) = preSolution
		Debug|Any CPU = Debug|Any CPU
		Release|Any CPU = Release|Any CPU
	EndGlobalSection
	GlobalSection(ProjectConfigurationPlatforms) = postSolution
		{78248A00-D77B-4347-89A9-293A12E553C9}.Debug|Any CPU.ActiveCfg = Debug|Any CPU
		{78248A00-D77B-4347-89A9-293A12E553C9}.Debug|Any CPU.Build.0 = Debug|Any CPU
		{78248A00-D77B-4347-89A9-293A12E553C9}.Release|Any CPU.ActiveCfg = Release|Any CPU
		{78248A00-D77B-4347-89A9-293A12E553C9}.Release|Any CPU.Build.0 = Release|Any CPU
	EndGlobalSection
	GlobalSection(SolutionProperties) = preSolution
		HideSolutionNode = FALSE
	EndGlobalSection
	GlobalSection(ExtensibilityGlobals) = postSolution
		SolutionGuid = {A1B6C6CC-1BE9-449E-A792-98E06311070D}
	EndGlobalSection
EndGlobal
