
Microsoft Visual Studio Solution File, Format Version 12.00
# Visual Studio Version 16
VisualStudioVersion = 16.0.28803.352
MinimumVisualStudioVersion = 10.0.40219.1
Project("{FAE04EC0-301F-11D3-BF4B-00C04F79EFBC}") = "builder", "builder\builder.csproj", "{60FA2DFD-1BC8-4DD9-82B2-C6AD089DAD8D}"
EndProject
Global
	GlobalSection(SolutionConfigurationPlatforms) = preSolution
		Debug|Any CPU = Debug|Any CPU
		Release|Any CPU = Release|Any CPU
	EndGlobalSection
	GlobalSection(ProjectConfigurationPlatforms) = postSolution
		{60FA2DFD-1BC8-4DD9-82B2-C6AD089DAD8D}.Debug|Any CPU.ActiveCfg = Debug|Any CPU
		{60FA2DFD-1BC8-4DD9-82B2-C6AD089DAD8D}.Debug|Any CPU.Build.0 = Debug|Any CPU
		{60FA2DFD-1BC8-4DD9-82B2-C6AD089DAD8D}.Release|Any CPU.ActiveCfg = Release|Any CPU
		{60FA2DFD-1BC8-4DD9-82B2-C6AD089DAD8D}.Release|Any CPU.Build.0 = Release|Any CPU
	EndGlobalSection
	GlobalSection(SolutionProperties) = preSolution
		HideSolutionNode = FALSE
	EndGlobalSection
	GlobalSection(ExtensibilityGlobals) = postSolution
		SolutionGuid = {CFCD7B01-ACCE-43A1-B115-D216074F8B8B}
	EndGlobalSection
EndGlobal
