
Microsoft Visual Studio Solution File, Format Version 12.00
# Visual Studio Version 16
VisualStudioVersion = 16.0.28803.352
MinimumVisualStudioVersion = 10.0.40219.1
Project("{FAE04EC0-301F-11D3-BF4B-00C04F79EFBC}") = "prototype", "prototype\prototype.csproj", "{8F032E0D-E315-4DEA-93B6-931EA74F6473}"
EndProject
Global
	GlobalSection(SolutionConfigurationPlatforms) = preSolution
		Debug|Any CPU = Debug|Any CPU
		Release|Any CPU = Release|Any CPU
	EndGlobalSection
	GlobalSection(ProjectConfigurationPlatforms) = postSolution
		{8F032E0D-E315-4DEA-93B6-931EA74F6473}.Debug|Any CPU.ActiveCfg = Debug|Any CPU
		{8F032E0D-E315-4DEA-93B6-931EA74F6473}.Debug|Any CPU.Build.0 = Debug|Any CPU
		{8F032E0D-E315-4DEA-93B6-931EA74F6473}.Release|Any CPU.ActiveCfg = Release|Any CPU
		{8F032E0D-E315-4DEA-93B6-931EA74F6473}.Release|Any CPU.Build.0 = Release|Any CPU
	EndGlobalSection
	GlobalSection(SolutionProperties) = preSolution
		HideSolutionNode = FALSE
	EndGlobalSection
	GlobalSection(ExtensibilityGlobals) = postSolution
		SolutionGuid = {28B476F3-C704-4CDE-A6B2-70521BEE12DB}
	EndGlobalSection
EndGlobal
